schema: '2.0'
stages:
  data_collection:
    cmd: python src/data_collection.py
    deps:
    - path: src/data_collection.py
      hash: md5
      md5: b4853dd7ebcac23e3d8352bdd9d6319f
      size: 2037
    params:
      params.yaml:
        data_collection.test_size: 0.2
    outs:
    - path: data/raw
      hash: md5
      md5: c0c2d65c14a603e91e029fda3c344a5c.dir
      size: 522262
      nfiles: 2
  data_prep:
    cmd: python src/data_prep.py
    deps:
    - path: data/raw
      hash: md5
      md5: c0c2d65c14a603e91e029fda3c344a5c.dir
      size: 522262
      nfiles: 2
    - path: src/data_prep.py
      hash: md5
      md5: 98d9d84e7f7a4ddcf17cce593f4746da
      size: 1860
    outs:
    - path: data/processed
      hash: md5
      md5: e34c84b2d0f2a75442271cd6c5779b7c.dir
      size: 546895
      nfiles: 2
  model_building:
    cmd: python model/model_building.py
    deps:
    - path: data/processed
      hash: md5
      md5: e34c84b2d0f2a75442271cd6c5779b7c.dir
      size: 546895
      nfiles: 2
    - path: model/model_building.py
      hash: md5
      md5: 08d43dd0a36c4f85755e63d1ef785012
      size: 2023
    params:
      params.yaml:
        model_building.n_estimators: 1000
    outs:
    - path: models/model.pkl
      hash: md5
      md5: 676342184198596ff776ccd6eabdd3cc
      size: 73566148
  model_eval:
    cmd: python model/model_eval.py
    deps:
    - path: model/model_eval.py
      hash: md5
      md5: f1e124e8df5fa71ae55a963904b0c685
      size: 5462
    - path: models/model.pkl
      hash: md5
      md5: 676342184198596ff776ccd6eabdd3cc
      size: 73566148
    outs:
    - path: reports/run_info.json
      hash: md5
      md5: 1dadb1364effc02671c4a05a871a5aa9
      size: 87
  model_registration:
    cmd: python model/model_reg.py
    deps:
    - path: model/model_reg.py
      hash: md5
      md5: dfe2470d9f649c7117bd92897ea0fb0d
      size: 1907
    - path: reports/run_info.json
      hash: md5
      md5: 1dadb1364effc02671c4a05a871a5aa9
      size: 87
